
Microsoft Visual Studio Solution File, Format Version 12.00
# Visual Studio Version 16
VisualStudioVersion = 16.0.29709.97
MinimumVisualStudioVersion = 10.0.40219.1
Project("{9A19103F-16F7-4668-BE54-9A1E7A4F7556}") = "DivideAndConquerAlgorithms", "PracticeProblems\DivideAndConquerAlgorithms.csproj", "{BFFC0F33-CC3A-457B-9D49-4DFE8AA7EAB7}"
EndProject
Global
	GlobalSection(SolutionConfigurationPlatforms) = preSolution
		Debug|Any CPU = Debug|Any CPU
		Release|Any CPU = Release|Any CPU
	EndGlobalSection
	GlobalSection(ProjectConfigurationPlatforms) = postSolution
		{BFFC0F33-CC3A-457B-9D49-4DFE8AA7EAB7}.Debug|Any CPU.ActiveCfg = Debug|Any CPU
		{BFFC0F33-CC3A-457B-9D49-4DFE8AA7EAB7}.Debug|Any CPU.Build.0 = Debug|Any CPU
		{BFFC0F33-CC3A-457B-9D49-4DFE8AA7EAB7}.Release|Any CPU.ActiveCfg = Release|Any CPU
		{BFFC0F33-CC3A-457B-9D49-4DFE8AA7EAB7}.Release|Any CPU.Build.0 = Release|Any CPU
	EndGlobalSection
	GlobalSection(SolutionProperties) = preSolution
		HideSolutionNode = FALSE
	EndGlobalSection
	GlobalSection(ExtensibilityGlobals) = postSolution
		SolutionGuid = {80DC82F9-39F2-4E8C-92CE-ADED3AD75F3E}
	EndGlobalSection
EndGlobal
